
Microsoft Visual Studio Solution File, Format Version 12.00
# Visual Studio Version 16
VisualStudioVersion = 16.0.32002.261
MinimumVisualStudioVersion = 10.0.40219.1
Project("{F184B08F-C81C-45F6-A57F-5ABD9991F28F}") = "WindowsFormsApp1", "WindowsFormsApp1.vbproj", "{28401550-A876-4D96-8A11-A6F7CBBE736C}"
EndProject
Global
	GlobalSection(SolutionConfigurationPlatforms) = preSolution
		Debug|Any CPU = Debug|Any CPU
		Release|Any CPU = Release|Any CPU
	EndGlobalSection
	GlobalSection(ProjectConfigurationPlatforms) = postSolution
		{28401550-A876-4D96-8A11-A6F7CBBE736C}.Debug|Any CPU.ActiveCfg = Debug|Any CPU
		{28401550-A876-4D96-8A11-A6F7CBBE736C}.Debug|Any CPU.Build.0 = Debug|Any CPU
		{28401550-A876-4D96-8A11-A6F7CBBE736C}.Release|Any CPU.ActiveCfg = Release|Any CPU
		{28401550-A876-4D96-8A11-A6F7CBBE736C}.Release|Any CPU.Build.0 = Release|Any CPU
	EndGlobalSection
	GlobalSection(SolutionProperties) = preSolution
		HideSolutionNode = FALSE
	EndGlobalSection
	GlobalSection(ExtensibilityGlobals) = postSolution
		SolutionGuid = {E9951578-AEF1-4D26-B32B-3FDAF2975E71}
	EndGlobalSection
EndGlobal
